
Microsoft Visual Studio Solution File, Format Version 12.00
# Visual Studio Version 16
VisualStudioVersion = 16.0.29709.97
MinimumVisualStudioVersion = 10.0.40219.1
Project("{FAE04EC0-301F-11D3-BF4B-00C04F79EFBC}") = "Test", "Test\Test.csproj", "{641DE2D1-CE83-4AB6-A2DB-07990DA99DB4}"
EndProject
Global
	GlobalSection(SolutionConfigurationPlatforms) = preSolution
		Debug|Any CPU = Debug|Any CPU
		Release|Any CPU = Release|Any CPU
	EndGlobalSection
	GlobalSection(ProjectConfigurationPlatforms) = postSolution
		{641DE2D1-CE83-4AB6-A2DB-07990DA99DB4}.Debug|Any CPU.ActiveCfg = Debug|Any CPU
		{641DE2D1-CE83-4AB6-A2DB-07990DA99DB4}.Debug|Any CPU.Build.0 = Debug|Any CPU
		{641DE2D1-CE83-4AB6-A2DB-07990DA99DB4}.Release|Any CPU.ActiveCfg = Release|Any CPU
		{641DE2D1-CE83-4AB6-A2DB-07990DA99DB4}.Release|Any CPU.Build.0 = Release|Any CPU
	EndGlobalSection
	GlobalSection(SolutionProperties) = preSolution
		HideSolutionNode = FALSE
	EndGlobalSection
	GlobalSection(ExtensibilityGlobals) = postSolution
		SolutionGuid = {542F2FAA-BD61-4075-8790-BA45C399803F}
	EndGlobalSection
EndGlobal
